
Microsoft Visual Studio Solution File, Format Version 12.00
Project("{FAE04EC0-301F-11D3-BF4B-00C04F79EFBC}") = "Require", "Require\Require.csproj", "{3D8BE55E-550D-4460-B7F5-61456A2A5556}"
EndProject
Project("{FAE04EC0-301F-11D3-BF4B-00C04F79EFBC}") = "Require.Tests", "Require.Tests\Require.Tests.csproj", "{6826EC4F-3A68-4B5C-9BD3-0CA37E2A873F}"
EndProject
Project("{2150E333-8FDC-42A3-9474-1A3956D46DE8}") = "docs", "docs", "{4F92E8FE-6FFF-4432-BFF7-4ECD8BCAA380}"
	ProjectSection(SolutionItems) = preProject
		Readme.md = Readme.md
	EndProjectSection
EndProject
Global
	GlobalSection(SolutionConfigurationPlatforms) = preSolution
		Debug|Any CPU = Debug|Any CPU
		Release|Any CPU = Release|Any CPU
	EndGlobalSection
	GlobalSection(ProjectConfigurationPlatforms) = postSolution
		{3D8BE55E-550D-4460-B7F5-61456A2A5556}.Debug|Any CPU.ActiveCfg = Debug|Any CPU
		{3D8BE55E-550D-4460-B7F5-61456A2A5556}.Debug|Any CPU.Build.0 = Debug|Any CPU
		{3D8BE55E-550D-4460-B7F5-61456A2A5556}.Release|Any CPU.ActiveCfg = Release|Any CPU
		{3D8BE55E-550D-4460-B7F5-61456A2A5556}.Release|Any CPU.Build.0 = Release|Any CPU
		{6826EC4F-3A68-4B5C-9BD3-0CA37E2A873F}.Debug|Any CPU.ActiveCfg = Debug|Any CPU
		{6826EC4F-3A68-4B5C-9BD3-0CA37E2A873F}.Debug|Any CPU.Build.0 = Debug|Any CPU
		{6826EC4F-3A68-4B5C-9BD3-0CA37E2A873F}.Release|Any CPU.ActiveCfg = Release|Any CPU
		{6826EC4F-3A68-4B5C-9BD3-0CA37E2A873F}.Release|Any CPU.Build.0 = Release|Any CPU
	EndGlobalSection
EndGlobal
